// !$*UTF8*$!
{
	archiveVersion = 1;
	classes = {
	};
	objectVersion = 50;
	objects = {

/* Begin PBXBuildFile section */
		ACBC336E222588B1007EB1C3 /* AppDelegate.swift in Sources */ = {isa = PBXBuildFile; fileRef = ACBC336D222588B1007EB1C3 /* AppDelegate.swift */; };
		ACBC3373222588B1007EB1C3 /* Main.storyboard in Resources */ = {isa = PBXBuildFile; fileRef = ACBC3371222588B1007EB1C3 /* Main.storyboard */; };
		ACBC3375222588B5007EB1C3 /* Assets.xcassets in Resources */ = {isa = PBXBuildFile; fileRef = ACBC3374222588B5007EB1C3 /* Assets.xcassets */; };
		ACBC3378222588B5007EB1C3 /* LaunchScreen.storyboard in Resources */ = {isa = PBXBuildFile; fileRef = ACBC3376222588B5007EB1C3 /* LaunchScreen.storyboard */; };
		ACBC338022258A80007EB1C3 /* ExercisesTableViewController.swift in Sources */ = {isa = PBXBuildFile; fileRef = ACBC337F22258A80007EB1C3 /* ExercisesTableViewController.swift */; };
		ACBC338422258B86007EB1C3 /* Data.swift in Sources */ = {isa = PBXBuildFile; fileRef = ACBC338322258B86007EB1C3 /* Data.swift */; };
		ACCED2F522368E0300E248CD /* Storage.swift in Sources */ = {isa = PBXBuildFile; fileRef = ACCED2F422368E0300E248CD /* Storage.swift */; };
		ACFE03D62226C6EB008C79D7 /* SomeExercisesTableViewController.swift in Sources */ = {isa = PBXBuildFile; fileRef = ACFE03D52226C6EB008C79D7 /* SomeExercisesTableViewController.swift */; };
/* End PBXBuildFile section */

/* Begin PBXFileReference section */
		ACBC336A222588B1007EB1C3 /* getFit.app */ = {isa = PBXFileReference; explicitFileType = wrapper.application; includeInIndex = 0; path = getFit.app; sourceTree = BUILT_PRODUCTS_DIR; };
		ACBC336D222588B1007EB1C3 /* AppDelegate.swift */ = {isa = PBXFileReference; lastKnownFileType = sourcecode.swift; path = AppDelegate.swift; sourceTree = "<group>"; };
		ACBC3372222588B1007EB1C3 /* Base */ = {isa = PBXFileReference; lastKnownFileType = file.storyboard; name = Base; path = Base.lproj/Main.storyboard; sourceTree = "<group>"; };
		ACBC3374222588B5007EB1C3 /* Assets.xcassets */ = {isa = PBXFileReference; lastKnownFileType = folder.assetcatalog; path = Assets.xcassets; sourceTree = "<group>"; };
		ACBC3377222588B5007EB1C3 /* Base */ = {isa = PBXFileReference; lastKnownFileType = file.storyboard; name = Base; path = Base.lproj/LaunchScreen.storyboard; sourceTree = "<group>"; };
		ACBC3379222588B5007EB1C3 /* Info.plist */ = {isa = PBXFileReference; lastKnownFileType = text.plist.xml; path = Info.plist; sourceTree = "<group>"; };
		ACBC337F22258A80007EB1C3 /* ExercisesTableViewController.swift */ = {isa = PBXFileReference; lastKnownFileType = sourcecode.swift; path = ExercisesTableViewController.swift; sourceTree = "<group>"; };
		ACBC338322258B86007EB1C3 /* Data.swift */ = {isa = PBXFileReference; lastKnownFileType = sourcecode.swift; path = Data.swift; sourceTree = "<group>"; };
		ACCED2F422368E0300E248CD /* Storage.swift */ = {isa = PBXFileReference; lastKnownFileType = sourcecode.swift; path = Storage.swift; sourceTree = "<group>"; };
		ACFE03D52226C6EB008C79D7 /* SomeExercisesTableViewController.swift */ = {isa = PBXFileReference; lastKnownFileType = sourcecode.swift; path = SomeExercisesTableViewController.swift; sourceTree = "<group>"; };
/* End PBXFileReference section */

/* Begin PBXFrameworksBuildPhase section */
		ACBC3367222588B1007EB1C3 /* Frameworks */ = {
			isa = PBXFrameworksBuildPhase;
			buildActionMask = 2147483647;
			files = (
			);
			runOnlyForDeploymentPostprocessing = 0;
		};
/* End PBXFrameworksBuildPhase section */

/* Begin PBXGroup section */
		ACBC3361222588B1007EB1C3 = {
			isa = PBXGroup;
			children = (
				ACBC336C222588B1007EB1C3 /* getFit */,
				ACBC336B222588B1007EB1C3 /* Products */,
			);
			sourceTree = "<group>";
		};
		ACBC336B222588B1007EB1C3 /* Products */ = {
			isa = PBXGroup;
			children = (
				ACBC336A222588B1007EB1C3 /* getFit.app */,
			);
			name = Products;
			sourceTree = "<group>";
		};
		ACBC336C222588B1007EB1C3 /* getFit */ = {
			isa = PBXGroup;
			children = (
				ACBC336D222588B1007EB1C3 /* AppDelegate.swift */,
				ACBC3371222588B1007EB1C3 /* Main.storyboard */,
				ACBC338222258B55007EB1C3 /* Model */,
				ACBC338122258B36007EB1C3 /* VC */,
				ACBC3374222588B5007EB1C3 /* Assets.xcassets */,
				ACBC3376222588B5007EB1C3 /* LaunchScreen.storyboard */,
				ACBC3379222588B5007EB1C3 /* Info.plist */,
			);
			path = getFit;
			sourceTree = "<group>";
		};
		ACBC338122258B36007EB1C3 /* VC */ = {
			isa = PBXGroup;
			children = (
				ACFE03D52226C6EB008C79D7 /* SomeExercisesTableViewController.swift */,
				ACBC337F22258A80007EB1C3 /* ExercisesTableViewController.swift */,
			);
			path = VC;
			sourceTree = "<group>";
		};
		ACBC338222258B55007EB1C3 /* Model */ = {
			isa = PBXGroup;
			children = (
				ACCED31E2237B47900E248CD /* View's */,
				ACCED2F422368E0300E248CD /* Storage.swift */,
				ACBC338322258B86007EB1C3 /* Data.swift */,
			);
			path = Model;
			sourceTree = "<group>";
		};
		ACCED31E2237B47900E248CD /* View's */ = {
			isa = PBXGroup;
			children = (
			);
			path = "View's";
			sourceTree = "<group>";
		};
/* End PBXGroup section */

/* Begin PBXNativeTarget section */
		ACBC3369222588B1007EB1C3 /* getFit */ = {
			isa = PBXNativeTarget;
			buildConfigurationList = ACBC337C222588B5007EB1C3 /* Build configuration list for PBXNativeTarget "getFit" */;
			buildPhases = (
				ACBC3366222588B1007EB1C3 /* Sources */,
				ACBC3367222588B1007EB1C3 /* Frameworks */,
				ACBC3368222588B1007EB1C3 /* Resources */,
			);
			buildRules = (
			);
			dependencies = (
			);
			name = getFit;
			productName = getFit;
			productReference = ACBC336A222588B1007EB1C3 /* getFit.app */;
			productType = "com.apple.product-type.application";
		};
/* End PBXNativeTarget section */

/* Begin PBXProject section */
		ACBC3362222588B1007EB1C3 /* Project object */ = {
			isa = PBXProject;
			attributes = {
				LastSwiftUpdateCheck = 1010;
				LastUpgradeCheck = 1010;
				ORGANIZATIONNAME = "Артем";
				TargetAttributes = {
					ACBC3369222588B1007EB1C3 = {
						CreatedOnToolsVersion = 10.1;
					};
				};
			};
			buildConfigurationList = ACBC3365222588B1007EB1C3 /* Build configuration list for PBXProject "getFit" */;
			compatibilityVersion = "Xcode 9.3";
			developmentRegion = en;
			hasScannedForEncodings = 0;
			knownRegions = (
				en,
				Base,
			);
			mainGroup = ACBC3361222588B1007EB1C3;
			productRefGroup = ACBC336B222588B1007EB1C3 /* Products */;
			projectDirPath = "";
			projectRoot = "";
			targets = (
				ACBC3369222588B1007EB1C3 /* getFit */,
			);
		};
/* End PBXProject section */

/* Begin PBXResourcesBuildPhase section */
		ACBC3368222588B1007EB1C3 /* Resources */ = {
			isa = PBXResourcesBuildPhase;
			buildActionMask = 2147483647;
			files = (
				ACBC3378222588B5007EB1C3 /* LaunchScreen.storyboard in Resources */,
				ACBC3375222588B5007EB1C3 /* Assets.xcassets in Resources */,
				ACBC3373222588B1007EB1C3 /* Main.storyboard in Resources */,
			);
			runOnlyForDeploymentPostprocessing = 0;
		};
/* End PBXResourcesBuildPhase section */

/* Begin PBXSourcesBuildPhase section */
		ACBC3366222588B1007EB1C3 /* Sources */ = {
			isa = PBXSourcesBuildPhase;
			buildActionMask = 2147483647;
			files = (
				ACBC338022258A80007EB1C3 /* ExercisesTableViewController.swift in Sources */,
				ACBC338422258B86007EB1C3 /* Data.swift in Sources */,
				ACBC336E222588B1007EB1C3 /* AppDelegate.swift in Sources */,
				ACFE03D62226C6EB008C79D7 /* SomeExercisesTableViewController.swift in Sources */,
				ACCED2F522368E0300E248CD /* Storage.swift in Sources */,
			);
			runOnlyForDeploymentPostprocessing = 0;
		};
/* End PBXSourcesBuildPhase section */

/* Begin PBXVariantGroup section */
		ACBC3371222588B1007EB1C3 /* Main.storyboard */ = {
			isa = PBXVariantGroup;
			children = (
				ACBC3372222588B1007EB1C3 /* Base */,
			);
			name = Main.storyboard;
			sourceTree = "<group>";
		};
		ACBC3376222588B5007EB1C3 /* LaunchScreen.storyboard */ = {
			isa = PBXVariantGroup;
			children = (
				ACBC3377222588B5007EB1C3 /* Base */,
			);
			name = LaunchScreen.storyboard;
			sourceTree = "<group>";
		};
/* End PBXVariantGroup section */

/* Begin XCBuildConfiguration section */
		ACBC337A222588B5007EB1C3 /* Debug */ = {
			isa = XCBuildConfiguration;
			buildSettings = {
				ALWAYS_SEARCH_USER_PATHS = NO;
				CLANG_ANALYZER_NONNULL = YES;
				CLANG_ANALYZER_NUMBER_OBJECT_CONVERSION = YES_AGGRESSIVE;
				CLANG_CXX_LANGUAGE_STANDARD = "gnu++14";
				CLANG_CXX_LIBRARY = "libc++";
				CLANG_ENABLE_MODULES = YES;
				CLANG_ENABLE_OBJC_ARC = YES;
				CLANG_ENABLE_OBJC_WEAK = YES;
				CLANG_WARN_BLOCK_CAPTURE_AUTORELEASING = YES;
				CLANG_WARN_BOOL_CONVERSION = YES;
				CLANG_WARN_COMMA = YES;
				CLANG_WARN_CONSTANT_CONVERSION = YES;
				CLANG_WARN_DEPRECATED_OBJC_IMPLEMENTATIONS = YES;
				CLANG_WARN_DIRECT_OBJC_ISA_USAGE = YES_ERROR;
				CLANG_WARN_DOCUMENTATION_COMMENTS = YES;
				CLANG_WARN_EMPTY_BODY = YES;
				CLANG_WARN_ENUM_CONVERSION = YES;
				CLANG_WARN_INFINITE_RECURSION = YES;
				CLANG_WARN_INT_CONVERSION = YES;
				CLANG_WARN_NON_LITERAL_NULL_CONVERSION = YES;
				CLANG_WARN_OBJC_IMPLICIT_RETAIN_SELF = YES;
				CLANG_WARN_OBJC_LITERAL_CONVERSION = YES;
				CLANG_WARN_OBJC_ROOT_CLASS = YES_ERROR;
				CLANG_WARN_RANGE_LOOP_ANALYSIS = YES;
				CLANG_WARN_STRICT_PROTOTYPES = YES;
				CLANG_WARN_SUSPICIOUS_MOVE = YES;
				CLANG_WARN_UNGUARDED_AVAILABILITY = YES_AGGRESSIVE;
				CLANG_WARN_UNREACHABLE_CODE = YES;
				CLANG_WARN__DUPLICATE_METHOD_MATCH = YES;
				CODE_SIGN_IDENTITY = "iPhone Developer";
				COPY_PHASE_STRIP = NO;
				DEBUG_INFORMATION_FORMAT = dwarf;
				ENABLE_STRICT_OBJC_MSGSEND = YES;
				ENABLE_TESTABILITY = YES;
				GCC_C_LANGUAGE_STANDARD = gnu11;
				GCC_DYNAMIC_NO_PIC = NO;
				GCC_NO_COMMON_BLOCKS = YES;
				GCC_OPTIMIZATION_LEVEL = 0;
				GCC_PREPROCESSOR_DEFINITIONS = (
					"DEBUG=1",
					"$(inherited)",
				);
				GCC_WARN_64_TO_32_BIT_CONVERSION = YES;
				GCC_WARN_ABOUT_RETURN_TYPE = YES_ERROR;
				GCC_WARN_UNDECLARED_SELECTOR = YES;
				GCC_WARN_UNINITIALIZED_AUTOS = YES_AGGRESSIVE;
				GCC_WARN_UNUSED_FUNCTION = YES;
				GCC_WARN_UNUSED_VARIABLE = YES;
				IPHONEOS_DEPLOYMENT_TARGET = 12.1;
				MTL_ENABLE_DEBUG_INFO = INCLUDE_SOURCE;
				MTL_FAST_MATH = YES;
				ONLY_ACTIVE_ARCH = YES;
				SDKROOT = iphoneos;
				SWIFT_ACTIVE_COMPILATION_CONDITIONS = DEBUG;
				SWIFT_OPTIMIZATION_LEVEL = "-Onone";
			};
			name = Debug;
		};
		ACBC337B222588B5007EB1C3 /* Release */ = {
			isa = XCBuildConfiguration;
			buildSettings = {
				ALWAYS_SEARCH_USER_PATHS = NO;
				CLANG_ANALYZER_NONNULL = YES;
				CLANG_ANALYZER_NUMBER_OBJECT_CONVERSION = YES_AGGRESSIVE;
				CLANG_CXX_LANGUAGE_STANDARD = "gnu++14";
				CLANG_CXX_LIBRARY = "libc++";
				CLANG_ENABLE_MODULES = YES;
				CLANG_ENABLE_OBJC_ARC = YES;
				CLANG_ENABLE_OBJC_WEAK = YES;
				CLANG_WARN_BLOCK_CAPTURE_AUTORELEASING = YES;
				CLANG_WARN_BOOL_CONVERSION = YES;
				CLANG_WARN_COMMA = YES;
				CLANG_WARN_CONSTANT_CONVERSION = YES;
				CLANG_WARN_DEPRECATED_OBJC_IMPLEMENTATIONS = YES;
				CLANG_WARN_DIRECT_OBJC_ISA_USAGE = YES_ERROR;
				CLANG_WARN_DOCUMENTATION_COMMENTS = YES;
				CLANG_WARN_EMPTY_BODY = YES;
				CLANG_WARN_ENUM_CONVERSION = YES;
				CLANG_WARN_INFINITE_RECURSION = YES;
				CLANG_WARN_INT_CONVERSION = YES;
				CLANG_WARN_NON_LITERAL_NULL_CONVERSION = YES;
				CLANG_WARN_OBJC_IMPLICIT_RETAIN_SELF = YES;
				CLANG_WARN_OBJC_LITERAL_CONVERSION = YES;
				CLANG_WARN_OBJC_ROOT_CLASS = YES_ERROR;
				CLANG_WARN_RANGE_LOOP_ANALYSIS = YES;
				CLANG_WARN_STRICT_PROTOTYPES = YES;
				CLANG_WARN_SUSPICIOUS_MOVE = YES;
				CLANG_WARN_UNGUARDED_AVAILABILITY = YES_AGGRESSIVE;
				CLANG_WARN_UNREACHABLE_CODE = YES;
				CLANG_WARN__DUPLICATE_METHOD_MATCH = YES;
				CODE_SIGN_IDENTITY = "iPhone Developer";
				COPY_PHASE_STRIP = NO;
				DEBUG_INFORMATION_FORMAT = "dwarf-with-dsym";
				ENABLE_NS_ASSERTIONS = NO;
				ENABLE_STRICT_OBJC_MSGSEND = YES;
				GCC_C_LANGUAGE_STANDARD = gnu11;
				GCC_NO_COMMON_BLOCKS = YES;
				GCC_WARN_64_TO_32_BIT_CONVERSION = YES;
				GCC_WARN_ABOUT_RETURN_TYPE = YES_ERROR;
				GCC_WARN_UNDECLARED_SELECTOR = YES;
				GCC_WARN_UNINITIALIZED_AUTOS = YES_AGGRESSIVE;
				GCC_WARN_UNUSED_FUNCTION = YES;
				GCC_WARN_UNUSED_VARIABLE = YES;
				IPHONEOS_DEPLOYMENT_TARGET = 12.1;
				MTL_ENABLE_DEBUG_INFO = NO;
				MTL_FAST_MATH = YES;
				SDKROOT = iphoneos;
				SWIFT_COMPILATION_MODE = wholemodule;
				SWIFT_OPTIMIZATION_LEVEL = "-O";
				VALIDATE_PRODUCT = YES;
			};
			name = Release;
		};
		ACBC337D222588B5007EB1C3 /* Debug */ = {
			isa = XCBuildConfiguration;
			buildSettings = {
				ASSETCATALOG_COMPILER_APPICON_NAME = AppIcon;
				CODE_SIGN_STYLE = Automatic;
				DEVELOPMENT_TEAM = SP8ZAT56L5;
				INFOPLIST_FILE = getFit/Info.plist;
				LD_RUNPATH_SEARCH_PATHS = (
					"$(inherited)",
					"@executable_path/Frameworks",
				);
				PRODUCT_BUNDLE_IDENTIFIER = Art.getFit;
				PRODUCT_NAME = "$(TARGET_NAME)";
				SWIFT_VERSION = 4.2;
				TARGETED_DEVICE_FAMILY = "1,2";
			};
			name = Debug;
		};
		ACBC337E222588B5007EB1C3 /* Release */ = {
			isa = XCBuildConfiguration;
			buildSettings = {
				ASSETCATALOG_COMPILER_APPICON_NAME = AppIcon;
				CODE_SIGN_STYLE = Automatic;
				DEVELOPMENT_TEAM = SP8ZAT56L5;
				INFOPLIST_FILE = getFit/Info.plist;
				LD_RUNPATH_SEARCH_PATHS = (
					"$(inherited)",
					"@executable_path/Frameworks",
				);
				PRODUCT_BUNDLE_IDENTIFIER = Art.getFit;
				PRODUCT_NAME = "$(TARGET_NAME)";
				SWIFT_VERSION = 4.2;
				TARGETED_DEVICE_FAMILY = "1,2";
			};
			name = Release;
		};
/* End XCBuildConfiguration section */

/* Begin XCConfigurationList section */
		ACBC3365222588B1007EB1C3 /* Build configuration list for PBXProject "getFit" */ = {
			isa = XCConfigurationList;
			buildConfigurations = (
				ACBC337A222588B5007EB1C3 /* Debug */,
				ACBC337B222588B5007EB1C3 /* Release */,
			);
			defaultConfigurationIsVisible = 0;
			defaultConfigurationName = Release;
		};
		ACBC337C222588B5007EB1C3 /* Build configuration list for PBXNativeTarget "getFit" */ = {
			isa = XCConfigurationList;
			buildConfigurations = (
				ACBC337D222588B5007EB1C3 /* Debug */,
				ACBC337E222588B5007EB1C3 /* Release */,
			);
			defaultConfigurationIsVisible = 0;
			defaultConfigurationName = Release;
		};
/* End XCConfigurationList section */
	};
	rootObject = ACBC3362222588B1007EB1C3 /* Project object */;
}
